
Microsoft Visual Studio Solution File, Format Version 12.00
# Visual Studio Version 17
VisualStudioVersion = 17.5.33502.453
MinimumVisualStudioVersion = 10.0.40219.1
Project("{9A19103F-16F7-4668-BE54-9A1E7A4F7556}") = "GamificationAPI", "GamificationAPI\GamificationAPI.csproj", "{257642D7-E289-44A2-976F-FD1F661DE413}"
EndProject
Project("{FAE04EC0-301F-11D3-BF4B-00C04F79EFBC}") = "GamificationAPITests", "GamificationAPITests\GamificationAPITests.csproj", "{55C43EA9-2486-4620-81E7-43CFCC49F5C0}"
EndProject
Global
	GlobalSection(SolutionConfigurationPlatforms) = preSolution
		Debug|Any CPU = Debug|Any CPU
		Release|Any CPU = Release|Any CPU
	EndGlobalSection
	GlobalSection(ProjectConfigurationPlatforms) = postSolution
		{257642D7-E289-44A2-976F-FD1F661DE413}.Debug|Any CPU.ActiveCfg = Debug|Any CPU
		{257642D7-E289-44A2-976F-FD1F661DE413}.Debug|Any CPU.Build.0 = Debug|Any CPU
		{257642D7-E289-44A2-976F-FD1F661DE413}.Release|Any CPU.ActiveCfg = Release|Any CPU
		{257642D7-E289-44A2-976F-FD1F661DE413}.Release|Any CPU.Build.0 = Release|Any CPU
		{55C43EA9-2486-4620-81E7-43CFCC49F5C0}.Debug|Any CPU.ActiveCfg = Debug|Any CPU
		{55C43EA9-2486-4620-81E7-43CFCC49F5C0}.Debug|Any CPU.Build.0 = Debug|Any CPU
		{55C43EA9-2486-4620-81E7-43CFCC49F5C0}.Release|Any CPU.ActiveCfg = Release|Any CPU
		{55C43EA9-2486-4620-81E7-43CFCC49F5C0}.Release|Any CPU.Build.0 = Release|Any CPU
	EndGlobalSection
	GlobalSection(SolutionProperties) = preSolution
		HideSolutionNode = FALSE
	EndGlobalSection
	GlobalSection(ExtensibilityGlobals) = postSolution
		SolutionGuid = {6619F1FB-DD15-457C-8202-59917A13A575}
	EndGlobalSection
EndGlobal
